
Microsoft Visual Studio Solution File, Format Version 12.00
# Visual Studio Version 16
VisualStudioVersion = 16.0.29215.179
MinimumVisualStudioVersion = 10.0.40219.1
Project("{2150E333-8FDC-42A3-9474-1A3956D46DE8}") = "src", "src", "{8E29CEE6-355D-427A-8EDA-F2A1FE60BC3B}"
EndProject
Project("{9A19103F-16F7-4668-BE54-9A1E7A4F7556}") = "Prometheus.Client.MetricServer", "src\Prometheus.Client.MetricServer\Prometheus.Client.MetricServer.csproj", "{C77F577A-8639-4A63-966D-80C174B3D999}"
EndProject
Project("{2150E333-8FDC-42A3-9474-1A3956D46DE8}") = "tests", "tests", "{465CE32E-016E-46A1-9636-3411CB742385}"
EndProject
Project("{9A19103F-16F7-4668-BE54-9A1E7A4F7556}") = "Prometheus.Client.MetricServer.NetCore.Tests", "tests\Prometheus.Client.MetricServer.NetCore.Tests\Prometheus.Client.MetricServer.NetCore.Tests.csproj", "{7DC9CABA-8C8B-4ADD-BF3F-D67BB580027A}"
EndProject
Project("{2150E333-8FDC-42A3-9474-1A3956D46DE8}") = "Solution Items", "Solution Items", "{7ADF00AE-7F6D-4C7E-B0F0-B2A19627DDF8}"
	ProjectSection(SolutionItems) = preProject
		.editorconfig = .editorconfig
		.gitattributes = .gitattributes
		.gitignore = .gitignore
		appveyor.yml = appveyor.yml
		LICENSE = LICENSE
		pack.sh = pack.sh
		Prometheus.Client.MetricServer.snk = Prometheus.Client.MetricServer.snk
		README.md = README.md
	EndProjectSection
EndProject
Global
	GlobalSection(SolutionConfigurationPlatforms) = preSolution
		Debug|Any CPU = Debug|Any CPU
		Release|Any CPU = Release|Any CPU
	EndGlobalSection
	GlobalSection(ProjectConfigurationPlatforms) = postSolution
		{C77F577A-8639-4A63-966D-80C174B3D999}.Debug|Any CPU.ActiveCfg = Debug|Any CPU
		{C77F577A-8639-4A63-966D-80C174B3D999}.Debug|Any CPU.Build.0 = Debug|Any CPU
		{C77F577A-8639-4A63-966D-80C174B3D999}.Release|Any CPU.ActiveCfg = Release|Any CPU
		{C77F577A-8639-4A63-966D-80C174B3D999}.Release|Any CPU.Build.0 = Release|Any CPU
		{7DC9CABA-8C8B-4ADD-BF3F-D67BB580027A}.Debug|Any CPU.ActiveCfg = Debug|Any CPU
		{7DC9CABA-8C8B-4ADD-BF3F-D67BB580027A}.Debug|Any CPU.Build.0 = Debug|Any CPU
		{7DC9CABA-8C8B-4ADD-BF3F-D67BB580027A}.Release|Any CPU.ActiveCfg = Release|Any CPU
		{7DC9CABA-8C8B-4ADD-BF3F-D67BB580027A}.Release|Any CPU.Build.0 = Release|Any CPU
	EndGlobalSection
	GlobalSection(SolutionProperties) = preSolution
		HideSolutionNode = FALSE
	EndGlobalSection
	GlobalSection(NestedProjects) = preSolution
		{C77F577A-8639-4A63-966D-80C174B3D999} = {8E29CEE6-355D-427A-8EDA-F2A1FE60BC3B}
		{7DC9CABA-8C8B-4ADD-BF3F-D67BB580027A} = {465CE32E-016E-46A1-9636-3411CB742385}
	EndGlobalSection
	GlobalSection(ExtensibilityGlobals) = postSolution
		SolutionGuid = {6CA14866-8A1E-4C8C-AE98-A806F33741EF}
	EndGlobalSection
EndGlobal
